name: Refresh migration lockfile

on:
  push:
    branches:
      - refactor/219-project-detector-inventory

permissions:
  contents: write

jobs:
  refresh:
    if: github.actor != 'github-actions[bot]'
    runs-on: ubuntu-latest
    steps:
      - name: Checkout branch
        uses: actions/checkout@v4
        with:
          ref: refactor/219-project-detector-inventory

      - name: Setup Bun
        uses: oven-sh/setup-bun@v2
        with:
          bun-version: '1.4.2'

      - name: Refresh lockfile
        run: bun install --lockfile-only

      - name: Commit generated lockfile
        run: |
          if git diff --quiet -- bun.lock; then
            exit 0
          fi
          git config user.name "github-actions[bot]"
          git config user.email "41898282+github-actions[bot]@users.noreply.github.com"
          git add bun.lock
          git commit -m "chore(deps): refresh project detector lock"
          git push
